
Microsoft Visual Studio Solution File, Format Version 12.00
# Visual Studio Version 18
VisualStudioVersion = 18.9.12112.369
MinimumVisualStudioVersion = 10.0.40219.1
Project("{FAE04EC0-301F-11D3-BF4B-00C04F79EFBC}") = "Translatilla.Plugin", "Translatilla.Plugin\Translatilla.Plugin.csproj", "{00C4AF64-9837-47C3-841E-D0D1167430FB}"
EndProject
Project("{FAE04EC0-301F-11D3-BF4B-00C04F79EFBC}") = "Translatilla.Patcher", "Translatilla.Patcher\Translatilla.Patcher.csproj", "{28FEEE3D-9816-346E-4595-6605B242F8AF}"
EndProject
Project("{FAE04EC0-301F-11D3-BF4B-00C04F79EFBC}") = "Translatilla.Build", "Translatilla.Build\Translatilla.Build.csproj", "{6C34386F-B617-4EF3-A168-5812FD8591C7}"
EndProject
Global
	GlobalSection(SolutionConfigurationPlatforms) = preSolution
		Debug|Any CPU = Debug|Any CPU
		Release|Any CPU = Release|Any CPU
	EndGlobalSection
	GlobalSection(ProjectConfigurationPlatforms) = postSolution
		{00C4AF64-9837-47C3-841E-D0D1167430FB}.Debug|Any CPU.ActiveCfg = Debug|Any CPU
		{00C4AF64-9837-47C3-841E-D0D1167430FB}.Debug|Any CPU.Build.0 = Debug|Any CPU
		{00C4AF64-9837-47C3-841E-D0D1167430FB}.Release|Any CPU.ActiveCfg = Release|Any CPU
		{00C4AF64-9837-47C3-841E-D0D1167430FB}.Release|Any CPU.Build.0 = Release|Any CPU
		{28FEEE3D-9816-346E-4595-6605B242F8AF}.Debug|Any CPU.ActiveCfg = Debug|Any CPU
		{28FEEE3D-9816-346E-4595-6605B242F8AF}.Debug|Any CPU.Build.0 = Debug|Any CPU
		{28FEEE3D-9816-346E-4595-6605B242F8AF}.Release|Any CPU.ActiveCfg = Release|Any CPU
		{28FEEE3D-9816-346E-4595-6605B242F8AF}.Release|Any CPU.Build.0 = Release|Any CPU
		{6C34386F-B617-4EF3-A168-5812FD8591C7}.Debug|Any CPU.ActiveCfg = Debug|Any CPU
		{6C34386F-B617-4EF3-A168-5812FD8591C7}.Debug|Any CPU.Build.0 = Debug|Any CPU
		{6C34386F-B617-4EF3-A168-5812FD8591C7}.Release|Any CPU.ActiveCfg = Release|Any CPU
		{6C34386F-B617-4EF3-A168-5812FD8591C7}.Release|Any CPU.Build.0 = Release|Any CPU
	EndGlobalSection
	GlobalSection(SolutionProperties) = preSolution
		HideSolutionNode = FALSE
	EndGlobalSection
	GlobalSection(ExtensibilityGlobals) = postSolution
		SolutionGuid = {E905626D-6830-4EC0-999B-AEF3BC21031A}
	EndGlobalSection
EndGlobal
